
Microsoft Visual Studio Solution File, Format Version 12.00
# Visual Studio Version 17
VisualStudioVersion = 17.12.35521.163
MinimumVisualStudioVersion = 10.0.40219.1
Project("{2150E333-8FDC-42A3-9474-1A3956D46DE8}") = "solution", "solution", "{2B6DA37E-0B03-47AD-81C4-4DBEFEA1A177}"
	ProjectSection(SolutionItems) = preProject
		.gitignore = .gitignore
		CHALLENGE.md = CHALLENGE.md
		README.md = README.md
	EndProjectSection
EndProject
Project("{2150E333-8FDC-42A3-9474-1A3956D46DE8}") = "src", "src", "{A71F4648-37B6-44E5-8001-6DDF7E3C668D}"
EndProject
Project("{2150E333-8FDC-42A3-9474-1A3956D46DE8}") = "tests", "tests", "{A15FA2E0-AA77-4759-B8A8-9DDDB35C1D28}"
EndProject
Project("{2150E333-8FDC-42A3-9474-1A3956D46DE8}") = "Adapters", "Adapters", "{222C7D58-E1BD-4EBD-8239-8D0CCCCCDF04}"
EndProject
Project("{2150E333-8FDC-42A3-9474-1A3956D46DE8}") = "Core", "Core", "{C43140D7-3E54-4FC9-9E13-F56986100DBE}"
EndProject
Project("{2150E333-8FDC-42A3-9474-1A3956D46DE8}") = "Driving", "Driving", "{23E043B9-3AE3-4ABF-918E-1A6AF7044797}"
EndProject
Project("{2150E333-8FDC-42A3-9474-1A3956D46DE8}") = "Driven", "Driven", "{462C0C0D-DA7F-40CF-986C-9FF85B34C818}"
EndProject
Project("{2150E333-8FDC-42A3-9474-1A3956D46DE8}") = "Adapters", "Adapters", "{9978289C-C292-444F-B548-C090995B632D}"
EndProject
Project("{2150E333-8FDC-42A3-9474-1A3956D46DE8}") = "Core", "Core", "{F19EC9C2-698C-4CB1-9C38-A686741449EA}"
EndProject
Project("{2150E333-8FDC-42A3-9474-1A3956D46DE8}") = "Driven", "Driven", "{04AA7707-C59E-43FD-8122-4E922EFA56C3}"
EndProject
Project("{2150E333-8FDC-42A3-9474-1A3956D46DE8}") = "Driving", "Driving", "{962555FE-86CA-4CB0-A196-D1B26455E37A}"
EndProject
Project("{FAE04EC0-301F-11D3-BF4B-00C04F79EFBC}") = "Domain", "src\Core\Domain\Domain.csproj", "{0DB8F8F0-BBE0-4845-A737-EA14270DECA6}"
EndProject
Project("{FAE04EC0-301F-11D3-BF4B-00C04F79EFBC}") = "Domain.Tests", "tests\Core\Domain.Tests\Domain.Tests.csproj", "{DD670284-14B5-4A25-8605-D3D0E155C631}"
EndProject
Project("{FAE04EC0-301F-11D3-BF4B-00C04F79EFBC}") = "Application", "src\Core\Application\Application.csproj", "{D47264C8-AAB4-4F49-B4DD-C2A8A04A6E94}"
EndProject
Project("{FAE04EC0-301F-11D3-BF4B-00C04F79EFBC}") = "Application.Tests", "tests\Core\Application.Tests\Application.Tests.csproj", "{66889A5F-1915-479C-9968-A04127DD36D9}"
EndProject
Project("{FAE04EC0-301F-11D3-BF4B-00C04F79EFBC}") = "Infra.Data", "src\Adapters\Driven\Infra.Data\Infra.Data.csproj", "{56208937-D58F-431D-9811-560B3A6DE316}"
EndProject
Project("{FAE04EC0-301F-11D3-BF4B-00C04F79EFBC}") = "Infra.Data.Tests", "tests\Adapters\Driven\Infra.Data.Tests\Infra.Data.Tests.csproj", "{DA37632F-841D-4DB4-BF79-21E3F9835D33}"
EndProject
Project("{FAE04EC0-301F-11D3-BF4B-00C04F79EFBC}") = "Presentations", "src\Adapters\Driving\Presentations\Presentations.csproj", "{99AF6A32-7924-4ADE-935A-3F772F24A5B0}"
EndProject
Project("{FAE04EC0-301F-11D3-BF4B-00C04F79EFBC}") = "Presentations.Tests", "tests\Adapters\Driving\Presentations.Tests\Presentations.Tests.csproj", "{61ECF197-EB6A-4943-B1C7-C72E2286BFF2}"
EndProject
Project("{FAE04EC0-301F-11D3-BF4B-00C04F79EFBC}") = "Infra.Ioc", "src\Adapters\Driven\Infra.Ioc\Infra.Ioc.csproj", "{8BF35E47-FCD4-4C12-A18F-CD0B0CC6DD6A}"
EndProject
Project("{FAE04EC0-301F-11D3-BF4B-00C04F79EFBC}") = "Infra.Ioc.Tests", "tests\Adapters\Driven\Infra.Ioc.Tests\Infra.Ioc.Tests.csproj", "{247AC3A2-85E4-4C43-86FF-A181E7AB7AAE}"
EndProject
Global
	GlobalSection(SolutionConfigurationPlatforms) = preSolution
		Debug|Any CPU = Debug|Any CPU
		Release|Any CPU = Release|Any CPU
	EndGlobalSection
	GlobalSection(ProjectConfigurationPlatforms) = postSolution
		{0DB8F8F0-BBE0-4845-A737-EA14270DECA6}.Debug|Any CPU.ActiveCfg = Debug|Any CPU
		{0DB8F8F0-BBE0-4845-A737-EA14270DECA6}.Debug|Any CPU.Build.0 = Debug|Any CPU
		{0DB8F8F0-BBE0-4845-A737-EA14270DECA6}.Release|Any CPU.ActiveCfg = Release|Any CPU
		{0DB8F8F0-BBE0-4845-A737-EA14270DECA6}.Release|Any CPU.Build.0 = Release|Any CPU
		{DD670284-14B5-4A25-8605-D3D0E155C631}.Debug|Any CPU.ActiveCfg = Debug|Any CPU
		{DD670284-14B5-4A25-8605-D3D0E155C631}.Debug|Any CPU.Build.0 = Debug|Any CPU
		{DD670284-14B5-4A25-8605-D3D0E155C631}.Release|Any CPU.ActiveCfg = Release|Any CPU
		{DD670284-14B5-4A25-8605-D3D0E155C631}.Release|Any CPU.Build.0 = Release|Any CPU
		{D47264C8-AAB4-4F49-B4DD-C2A8A04A6E94}.Debug|Any CPU.ActiveCfg = Debug|Any CPU
		{D47264C8-AAB4-4F49-B4DD-C2A8A04A6E94}.Debug|Any CPU.Build.0 = Debug|Any CPU
		{D47264C8-AAB4-4F49-B4DD-C2A8A04A6E94}.Release|Any CPU.ActiveCfg = Release|Any CPU
		{D47264C8-AAB4-4F49-B4DD-C2A8A04A6E94}.Release|Any CPU.Build.0 = Release|Any CPU
		{66889A5F-1915-479C-9968-A04127DD36D9}.Debug|Any CPU.ActiveCfg = Debug|Any CPU
		{66889A5F-1915-479C-9968-A04127DD36D9}.Debug|Any CPU.Build.0 = Debug|Any CPU
		{66889A5F-1915-479C-9968-A04127DD36D9}.Release|Any CPU.ActiveCfg = Release|Any CPU
		{66889A5F-1915-479C-9968-A04127DD36D9}.Release|Any CPU.Build.0 = Release|Any CPU
		{56208937-D58F-431D-9811-560B3A6DE316}.Debug|Any CPU.ActiveCfg = Debug|Any CPU
		{56208937-D58F-431D-9811-560B3A6DE316}.Debug|Any CPU.Build.0 = Debug|Any CPU
		{56208937-D58F-431D-9811-560B3A6DE316}.Release|Any CPU.ActiveCfg = Release|Any CPU
		{56208937-D58F-431D-9811-560B3A6DE316}.Release|Any CPU.Build.0 = Release|Any CPU
		{DA37632F-841D-4DB4-BF79-21E3F9835D33}.Debug|Any CPU.ActiveCfg = Debug|Any CPU
		{DA37632F-841D-4DB4-BF79-21E3F9835D33}.Debug|Any CPU.Build.0 = Debug|Any CPU
		{DA37632F-841D-4DB4-BF79-21E3F9835D33}.Release|Any CPU.ActiveCfg = Release|Any CPU
		{DA37632F-841D-4DB4-BF79-21E3F9835D33}.Release|Any CPU.Build.0 = Release|Any CPU
		{99AF6A32-7924-4ADE-935A-3F772F24A5B0}.Debug|Any CPU.ActiveCfg = Debug|Any CPU
		{99AF6A32-7924-4ADE-935A-3F772F24A5B0}.Debug|Any CPU.Build.0 = Debug|Any CPU
		{99AF6A32-7924-4ADE-935A-3F772F24A5B0}.Release|Any CPU.ActiveCfg = Release|Any CPU
		{99AF6A32-7924-4ADE-935A-3F772F24A5B0}.Release|Any CPU.Build.0 = Release|Any CPU
		{61ECF197-EB6A-4943-B1C7-C72E2286BFF2}.Debug|Any CPU.ActiveCfg = Debug|Any CPU
		{61ECF197-EB6A-4943-B1C7-C72E2286BFF2}.Debug|Any CPU.Build.0 = Debug|Any CPU
		{61ECF197-EB6A-4943-B1C7-C72E2286BFF2}.Release|Any CPU.ActiveCfg = Release|Any CPU
		{61ECF197-EB6A-4943-B1C7-C72E2286BFF2}.Release|Any CPU.Build.0 = Release|Any CPU
		{8BF35E47-FCD4-4C12-A18F-CD0B0CC6DD6A}.Debug|Any CPU.ActiveCfg = Debug|Any CPU
		{8BF35E47-FCD4-4C12-A18F-CD0B0CC6DD6A}.Debug|Any CPU.Build.0 = Debug|Any CPU
		{8BF35E47-FCD4-4C12-A18F-CD0B0CC6DD6A}.Release|Any CPU.ActiveCfg = Release|Any CPU
		{8BF35E47-FCD4-4C12-A18F-CD0B0CC6DD6A}.Release|Any CPU.Build.0 = Release|Any CPU
		{247AC3A2-85E4-4C43-86FF-A181E7AB7AAE}.Debug|Any CPU.ActiveCfg = Debug|Any CPU
		{247AC3A2-85E4-4C43-86FF-A181E7AB7AAE}.Debug|Any CPU.Build.0 = Debug|Any CPU
		{247AC3A2-85E4-4C43-86FF-A181E7AB7AAE}.Release|Any CPU.ActiveCfg = Release|Any CPU
		{247AC3A2-85E4-4C43-86FF-A181E7AB7AAE}.Release|Any CPU.Build.0 = Release|Any CPU
	EndGlobalSection
	GlobalSection(SolutionProperties) = preSolution
		HideSolutionNode = FALSE
	EndGlobalSection
	GlobalSection(NestedProjects) = preSolution
		{222C7D58-E1BD-4EBD-8239-8D0CCCCCDF04} = {A71F4648-37B6-44E5-8001-6DDF7E3C668D}
		{C43140D7-3E54-4FC9-9E13-F56986100DBE} = {A71F4648-37B6-44E5-8001-6DDF7E3C668D}
		{23E043B9-3AE3-4ABF-918E-1A6AF7044797} = {222C7D58-E1BD-4EBD-8239-8D0CCCCCDF04}
		{462C0C0D-DA7F-40CF-986C-9FF85B34C818} = {222C7D58-E1BD-4EBD-8239-8D0CCCCCDF04}
		{9978289C-C292-444F-B548-C090995B632D} = {A15FA2E0-AA77-4759-B8A8-9DDDB35C1D28}
		{F19EC9C2-698C-4CB1-9C38-A686741449EA} = {A15FA2E0-AA77-4759-B8A8-9DDDB35C1D28}
		{04AA7707-C59E-43FD-8122-4E922EFA56C3} = {9978289C-C292-444F-B548-C090995B632D}
		{962555FE-86CA-4CB0-A196-D1B26455E37A} = {9978289C-C292-444F-B548-C090995B632D}
		{0DB8F8F0-BBE0-4845-A737-EA14270DECA6} = {C43140D7-3E54-4FC9-9E13-F56986100DBE}
		{DD670284-14B5-4A25-8605-D3D0E155C631} = {F19EC9C2-698C-4CB1-9C38-A686741449EA}
		{D47264C8-AAB4-4F49-B4DD-C2A8A04A6E94} = {C43140D7-3E54-4FC9-9E13-F56986100DBE}
		{66889A5F-1915-479C-9968-A04127DD36D9} = {F19EC9C2-698C-4CB1-9C38-A686741449EA}
		{56208937-D58F-431D-9811-560B3A6DE316} = {462C0C0D-DA7F-40CF-986C-9FF85B34C818}
		{DA37632F-841D-4DB4-BF79-21E3F9835D33} = {04AA7707-C59E-43FD-8122-4E922EFA56C3}
		{99AF6A32-7924-4ADE-935A-3F772F24A5B0} = {23E043B9-3AE3-4ABF-918E-1A6AF7044797}
		{61ECF197-EB6A-4943-B1C7-C72E2286BFF2} = {962555FE-86CA-4CB0-A196-D1B26455E37A}
		{8BF35E47-FCD4-4C12-A18F-CD0B0CC6DD6A} = {462C0C0D-DA7F-40CF-986C-9FF85B34C818}
		{247AC3A2-85E4-4C43-86FF-A181E7AB7AAE} = {04AA7707-C59E-43FD-8122-4E922EFA56C3}
	EndGlobalSection
EndGlobal
